// !$*UTF8*$!
{
	archiveVersion = 1;
	classes = {
	};
	objectVersion = 50;
	objects = {

/* Begin PBXBuildFile section */
		CE8940E0235B13A10061C7AA /* DataCell.m in Sources */ = {isa = PBXBuildFile; fileRef = CE8940DE235B13A10061C7AA /* DataCell.m */; };
		CE8940E1235B13A10061C7AA /* DataCell.xib in Resources */ = {isa = PBXBuildFile; fileRef = CE8940DF235B13A10061C7AA /* DataCell.xib */; };
		CE8941D2235D718E0061C7AA /* Model.xcdatamodeld in Sources */ = {isa = PBXBuildFile; fileRef = CE8941D0235D718E0061C7AA /* Model.xcdatamodeld */; };
		CEFA08D72359729100151A6B /* AppDelegate.m in Sources */ = {isa = PBXBuildFile; fileRef = CEFA08D62359729100151A6B /* AppDelegate.m */; };
		CEFA08E22359729400151A6B /* Assets.xcassets in Resources */ = {isa = PBXBuildFile; fileRef = CEFA08E12359729400151A6B /* Assets.xcassets */; };
		CEFA08E52359729400151A6B /* LaunchScreen.storyboard in Resources */ = {isa = PBXBuildFile; fileRef = CEFA08E32359729400151A6B /* LaunchScreen.storyboard */; };
		CEFA08E82359729400151A6B /* main.m in Sources */ = {isa = PBXBuildFile; fileRef = CEFA08E72359729400151A6B /* main.m */; };
		CEFA08F1235972F300151A6B /* ViewController.m in Sources */ = {isa = PBXBuildFile; fileRef = CEFA08EF235972F300151A6B /* ViewController.m */; };
		CEFA08F2235972F300151A6B /* ViewController.xib in Resources */ = {isa = PBXBuildFile; fileRef = CEFA08F0235972F300151A6B /* ViewController.xib */; };
/* End PBXBuildFile section */

/* Begin PBXFileReference section */
		CE8940DD235B13A10061C7AA /* DataCell.h */ = {isa = PBXFileReference; lastKnownFileType = sourcecode.c.h; path = DataCell.h; sourceTree = "<group>"; };
		CE8940DE235B13A10061C7AA /* DataCell.m */ = {isa = PBXFileReference; lastKnownFileType = sourcecode.c.objc; path = DataCell.m; sourceTree = "<group>"; };
		CE8940DF235B13A10061C7AA /* DataCell.xib */ = {isa = PBXFileReference; lastKnownFileType = file.xib; path = DataCell.xib; sourceTree = "<group>"; };
		CE8941D1235D718E0061C7AA /* Model.xcdatamodel */ = {isa = PBXFileReference; lastKnownFileType = wrapper.xcdatamodel; path = Model.xcdatamodel; sourceTree = "<group>"; };
		CEFA08D22359729100151A6B /* CoreDataDemo.app */ = {isa = PBXFileReference; explicitFileType = wrapper.application; includeInIndex = 0; path = CoreDataDemo.app; sourceTree = BUILT_PRODUCTS_DIR; };
		CEFA08D52359729100151A6B /* AppDelegate.h */ = {isa = PBXFileReference; lastKnownFileType = sourcecode.c.h; path = AppDelegate.h; sourceTree = "<group>"; };
		CEFA08D62359729100151A6B /* AppDelegate.m */ = {isa = PBXFileReference; lastKnownFileType = sourcecode.c.objc; path = AppDelegate.m; sourceTree = "<group>"; };
		CEFA08E12359729400151A6B /* Assets.xcassets */ = {isa = PBXFileReference; lastKnownFileType = folder.assetcatalog; path = Assets.xcassets; sourceTree = "<group>"; };
		CEFA08E42359729400151A6B /* Base */ = {isa = PBXFileReference; lastKnownFileType = file.storyboard; name = Base; path = Base.lproj/LaunchScreen.storyboard; sourceTree = "<group>"; };
		CEFA08E62359729400151A6B /* Info.plist */ = {isa = PBXFileReference; lastKnownFileType = text.plist.xml; path = Info.plist; sourceTree = "<group>"; };
		CEFA08E72359729400151A6B /* main.m */ = {isa = PBXFileReference; lastKnownFileType = sourcecode.c.objc; path = main.m; sourceTree = "<group>"; };
		CEFA08EE235972F300151A6B /* ViewController.h */ = {isa = PBXFileReference; lastKnownFileType = sourcecode.c.h; path = ViewController.h; sourceTree = "<group>"; };
		CEFA08EF235972F300151A6B /* ViewController.m */ = {isa = PBXFileReference; lastKnownFileType = sourcecode.c.objc; path = ViewController.m; sourceTree = "<group>"; };
		CEFA08F0235972F300151A6B /* ViewController.xib */ = {isa = PBXFileReference; lastKnownFileType = file.xib; path = ViewController.xib; sourceTree = "<group>"; };
/* End PBXFileReference section */

/* Begin PBXFrameworksBuildPhase section */
		CEFA08CF2359729100151A6B /* Frameworks */ = {
			isa = PBXFrameworksBuildPhase;
			buildActionMask = 2147483647;
			files = (
			);
			runOnlyForDeploymentPostprocessing = 0;
		};
/* End PBXFrameworksBuildPhase section */

/* Begin PBXGroup section */
		CE8941D3235D721B0061C7AA /* ORM */ = {
			isa = PBXGroup;
			children = (
				CE8941D0235D718E0061C7AA /* Model.xcdatamodeld */,
			);
			path = ORM;
			sourceTree = "<group>";
		};
		CEFA08C92359729100151A6B = {
			isa = PBXGroup;
			children = (
				CEFA08D42359729100151A6B /* CoreDataDemo */,
				CEFA08D32359729100151A6B /* Products */,
			);
			sourceTree = "<group>";
		};
		CEFA08D32359729100151A6B /* Products */ = {
			isa = PBXGroup;
			children = (
				CEFA08D22359729100151A6B /* CoreDataDemo.app */,
			);
			name = Products;
			sourceTree = "<group>";
		};
		CEFA08D42359729100151A6B /* CoreDataDemo */ = {
			isa = PBXGroup;
			children = (
				CE8941D3235D721B0061C7AA /* ORM */,
				CEFA08D52359729100151A6B /* AppDelegate.h */,
				CEFA08D62359729100151A6B /* AppDelegate.m */,
				CEFA08EE235972F300151A6B /* ViewController.h */,
				CEFA08EF235972F300151A6B /* ViewController.m */,
				CEFA08F0235972F300151A6B /* ViewController.xib */,
				CE8940DD235B13A10061C7AA /* DataCell.h */,
				CE8940DE235B13A10061C7AA /* DataCell.m */,
				CE8940DF235B13A10061C7AA /* DataCell.xib */,
				CEFA08E12359729400151A6B /* Assets.xcassets */,
				CEFA08E32359729400151A6B /* LaunchScreen.storyboard */,
				CEFA08E62359729400151A6B /* Info.plist */,
				CEFA08E72359729400151A6B /* main.m */,
			);
			path = CoreDataDemo;
			sourceTree = "<group>";
		};
/* End PBXGroup section */

/* Begin PBXNativeTarget section */
		CEFA08D12359729100151A6B /* CoreDataDemo */ = {
			isa = PBXNativeTarget;
			buildConfigurationList = CEFA08EB2359729400151A6B /* Build configuration list for PBXNativeTarget "CoreDataDemo" */;
			buildPhases = (
				CEFA08CE2359729100151A6B /* Sources */,
				CEFA08CF2359729100151A6B /* Frameworks */,
				CEFA08D02359729100151A6B /* Resources */,
			);
			buildRules = (
			);
			dependencies = (
			);
			name = CoreDataDemo;
			productName = CoreDataDemo;
			productReference = CEFA08D22359729100151A6B /* CoreDataDemo.app */;
			productType = "com.apple.product-type.application";
		};
/* End PBXNativeTarget section */

/* Begin PBXProject section */
		CEFA08CA2359729100151A6B /* Project object */ = {
			isa = PBXProject;
			attributes = {
				LastUpgradeCheck = 1100;
				ORGANIZATIONNAME = Dio;
				TargetAttributes = {
					CEFA08D12359729100151A6B = {
						CreatedOnToolsVersion = 11.0;
					};
				};
			};
			buildConfigurationList = CEFA08CD2359729100151A6B /* Build configuration list for PBXProject "CoreDataDemo" */;
			compatibilityVersion = "Xcode 9.3";
			developmentRegion = en;
			hasScannedForEncodings = 0;
			knownRegions = (
				en,
				Base,
			);
			mainGroup = CEFA08C92359729100151A6B;
			productRefGroup = CEFA08D32359729100151A6B /* Products */;
			projectDirPath = "";
			projectRoot = "";
			targets = (
				CEFA08D12359729100151A6B /* CoreDataDemo */,
			);
		};
/* End PBXProject section */

/* Begin PBXResourcesBuildPhase section */
		CEFA08D02359729100151A6B /* Resources */ = {
			isa = PBXResourcesBuildPhase;
			buildActionMask = 2147483647;
			files = (
				CEFA08E52359729400151A6B /* LaunchScreen.storyboard in Resources */,
				CEFA08F2235972F300151A6B /* ViewController.xib in Resources */,
				CEFA08E22359729400151A6B /* Assets.xcassets in Resources */,
				CE8940E1235B13A10061C7AA /* DataCell.xib in Resources */,
			);
			runOnlyForDeploymentPostprocessing = 0;
		};
/* End PBXResourcesBuildPhase section */

/* Begin PBXSourcesBuildPhase section */
		CEFA08CE2359729100151A6B /* Sources */ = {
			isa = PBXSourcesBuildPhase;
			buildActionMask = 2147483647;
			files = (
				CEFA08F1235972F300151A6B /* ViewController.m in Sources */,
				CEFA08D72359729100151A6B /* AppDelegate.m in Sources */,
				CEFA08E82359729400151A6B /* main.m in Sources */,
				CE8940E0235B13A10061C7AA /* DataCell.m in Sources */,
				CE8941D2235D718E0061C7AA /* Model.xcdatamodeld in Sources */,
			);
			runOnlyForDeploymentPostprocessing = 0;
		};
/* End PBXSourcesBuildPhase section */

/* Begin PBXVariantGroup section */
		CEFA08E32359729400151A6B /* LaunchScreen.storyboard */ = {
			isa = PBXVariantGroup;
			children = (
				CEFA08E42359729400151A6B /* Base */,
			);
			name = LaunchScreen.storyboard;
			sourceTree = "<group>";
		};
/* End PBXVariantGroup section */

/* Begin XCBuildConfiguration section */
		CEFA08E92359729400151A6B /* Debug */ = {
			isa = XCBuildConfiguration;
			buildSettings = {
				ALWAYS_SEARCH_USER_PATHS = NO;
				CLANG_ANALYZER_NONNULL = YES;
				CLANG_ANALYZER_NUMBER_OBJECT_CONVERSION = YES_AGGRESSIVE;
				CLANG_CXX_LANGUAGE_STANDARD = "gnu++14";
				CLANG_CXX_LIBRARY = "libc++";
				CLANG_ENABLE_MODULES = YES;
				CLANG_ENABLE_OBJC_ARC = YES;
				CLANG_ENABLE_OBJC_WEAK = YES;
				CLANG_WARN_BLOCK_CAPTURE_AUTORELEASING = YES;
				CLANG_WARN_BOOL_CONVERSION = YES;
				CLANG_WARN_COMMA = YES;
				CLANG_WARN_CONSTANT_CONVERSION = YES;
				CLANG_WARN_DEPRECATED_OBJC_IMPLEMENTATIONS = YES;
				CLANG_WARN_DIRECT_OBJC_ISA_USAGE = YES_ERROR;
				CLANG_WARN_DOCUMENTATION_COMMENTS = YES;
				CLANG_WARN_EMPTY_BODY = YES;
				CLANG_WARN_ENUM_CONVERSION = YES;
				CLANG_WARN_INFINITE_RECURSION = YES;
				CLANG_WARN_INT_CONVERSION = YES;
				CLANG_WARN_NON_LITERAL_NULL_CONVERSION = YES;
				CLANG_WARN_OBJC_IMPLICIT_RETAIN_SELF = YES;
				CLANG_WARN_OBJC_LITERAL_CONVERSION = YES;
				CLANG_WARN_OBJC_ROOT_CLASS = YES_ERROR;
				CLANG_WARN_RANGE_LOOP_ANALYSIS = YES;
				CLANG_WARN_STRICT_PROTOTYPES = YES;
				CLANG_WARN_SUSPICIOUS_MOVE = YES;
				CLANG_WARN_UNGUARDED_AVAILABILITY = YES_AGGRESSIVE;
				CLANG_WARN_UNREACHABLE_CODE = YES;
				CLANG_WARN__DUPLICATE_METHOD_MATCH = YES;
				COPY_PHASE_STRIP = NO;
				DEBUG_INFORMATION_FORMAT = dwarf;
				ENABLE_STRICT_OBJC_MSGSEND = YES;
				ENABLE_TESTABILITY = YES;
				GCC_C_LANGUAGE_STANDARD = gnu11;
				GCC_DYNAMIC_NO_PIC = NO;
				GCC_NO_COMMON_BLOCKS = YES;
				GCC_OPTIMIZATION_LEVEL = 0;
				GCC_PREPROCESSOR_DEFINITIONS = (
					"DEBUG=1",
					"$(inherited)",
				);
				GCC_WARN_64_TO_32_BIT_CONVERSION = YES;
				GCC_WARN_ABOUT_RETURN_TYPE = YES_ERROR;
				GCC_WARN_UNDECLARED_SELECTOR = YES;
				GCC_WARN_UNINITIALIZED_AUTOS = YES_AGGRESSIVE;
				GCC_WARN_UNUSED_FUNCTION = YES;
				GCC_WARN_UNUSED_VARIABLE = YES;
				IPHONEOS_DEPLOYMENT_TARGET = 11.0;
				MTL_ENABLE_DEBUG_INFO = INCLUDE_SOURCE;
				MTL_FAST_MATH = YES;
				ONLY_ACTIVE_ARCH = YES;
				SDKROOT = iphoneos;
			};
			name = Debug;
		};
		CEFA08EA2359729400151A6B /* Release */ = {
			isa = XCBuildConfiguration;
			buildSettings = {
				ALWAYS_SEARCH_USER_PATHS = NO;
				CLANG_ANALYZER_NONNULL = YES;
				CLANG_ANALYZER_NUMBER_OBJECT_CONVERSION = YES_AGGRESSIVE;
				CLANG_CXX_LANGUAGE_STANDARD = "gnu++14";
				CLANG_CXX_LIBRARY = "libc++";
				CLANG_ENABLE_MODULES = YES;
				CLANG_ENABLE_OBJC_ARC = YES;
				CLANG_ENABLE_OBJC_WEAK = YES;
				CLANG_WARN_BLOCK_CAPTURE_AUTORELEASING = YES;
				CLANG_WARN_BOOL_CONVERSION = YES;
				CLANG_WARN_COMMA = YES;
				CLANG_WARN_CONSTANT_CONVERSION = YES;
				CLANG_WARN_DEPRECATED_OBJC_IMPLEMENTATIONS = YES;
				CLANG_WARN_DIRECT_OBJC_ISA_USAGE = YES_ERROR;
				CLANG_WARN_DOCUMENTATION_COMMENTS = YES;
				CLANG_WARN_EMPTY_BODY = YES;
				CLANG_WARN_ENUM_CONVERSION = YES;
				CLANG_WARN_INFINITE_RECURSION = YES;
				CLANG_WARN_INT_CONVERSION = YES;
				CLANG_WARN_NON_LITERAL_NULL_CONVERSION = YES;
				CLANG_WARN_OBJC_IMPLICIT_RETAIN_SELF = YES;
				CLANG_WARN_OBJC_LITERAL_CONVERSION = YES;
				CLANG_WARN_OBJC_ROOT_CLASS = YES_ERROR;
				CLANG_WARN_RANGE_LOOP_ANALYSIS = YES;
				CLANG_WARN_STRICT_PROTOTYPES = YES;
				CLANG_WARN_SUSPICIOUS_MOVE = YES;
				CLANG_WARN_UNGUARDED_AVAILABILITY = YES_AGGRESSIVE;
				CLANG_WARN_UNREACHABLE_CODE = YES;
				CLANG_WARN__DUPLICATE_METHOD_MATCH = YES;
				COPY_PHASE_STRIP = NO;
				DEBUG_INFORMATION_FORMAT = "dwarf-with-dsym";
				ENABLE_NS_ASSERTIONS = NO;
				ENABLE_STRICT_OBJC_MSGSEND = YES;
				GCC_C_LANGUAGE_STANDARD = gnu11;
				GCC_NO_COMMON_BLOCKS = YES;
				GCC_WARN_64_TO_32_BIT_CONVERSION = YES;
				GCC_WARN_ABOUT_RETURN_TYPE = YES_ERROR;
				GCC_WARN_UNDECLARED_SELECTOR = YES;
				GCC_WARN_UNINITIALIZED_AUTOS = YES_AGGRESSIVE;
				GCC_WARN_UNUSED_FUNCTION = YES;
				GCC_WARN_UNUSED_VARIABLE = YES;
				IPHONEOS_DEPLOYMENT_TARGET = 11.0;
				MTL_ENABLE_DEBUG_INFO = NO;
				MTL_FAST_MATH = YES;
				SDKROOT = iphoneos;
				VALIDATE_PRODUCT = YES;
			};
			name = Release;
		};
		CEFA08EC2359729400151A6B /* Debug */ = {
			isa = XCBuildConfiguration;
			buildSettings = {
				ASSETCATALOG_COMPILER_APPICON_NAME = AppIcon;
				CODE_SIGN_STYLE = Automatic;
				DEVELOPMENT_TEAM = "";
				INFOPLIST_FILE = CoreDataDemo/Info.plist;
				LD_RUNPATH_SEARCH_PATHS = (
					"$(inherited)",
					"@executable_path/Frameworks",
				);
				PRODUCT_BUNDLE_IDENTIFIER = com.Dio.CoreDataDemo;
				PRODUCT_NAME = "$(TARGET_NAME)";
				TARGETED_DEVICE_FAMILY = 1;
			};
			name = Debug;
		};
		CEFA08ED2359729400151A6B /* Release */ = {
			isa = XCBuildConfiguration;
			buildSettings = {
				ASSETCATALOG_COMPILER_APPICON_NAME = AppIcon;
				CODE_SIGN_STYLE = Automatic;
				DEVELOPMENT_TEAM = "";
				INFOPLIST_FILE = CoreDataDemo/Info.plist;
				LD_RUNPATH_SEARCH_PATHS = (
					"$(inherited)",
					"@executable_path/Frameworks",
				);
				PRODUCT_BUNDLE_IDENTIFIER = com.Dio.CoreDataDemo;
				PRODUCT_NAME = "$(TARGET_NAME)";
				TARGETED_DEVICE_FAMILY = 1;
			};
			name = Release;
		};
/* End XCBuildConfiguration section */

/* Begin XCConfigurationList section */
		CEFA08CD2359729100151A6B /* Build configuration list for PBXProject "CoreDataDemo" */ = {
			isa = XCConfigurationList;
			buildConfigurations = (
				CEFA08E92359729400151A6B /* Debug */,
				CEFA08EA2359729400151A6B /* Release */,
			);
			defaultConfigurationIsVisible = 0;
			defaultConfigurationName = Release;
		};
		CEFA08EB2359729400151A6B /* Build configuration list for PBXNativeTarget "CoreDataDemo" */ = {
			isa = XCConfigurationList;
			buildConfigurations = (
				CEFA08EC2359729400151A6B /* Debug */,
				CEFA08ED2359729400151A6B /* Release */,
			);
			defaultConfigurationIsVisible = 0;
			defaultConfigurationName = Release;
		};
/* End XCConfigurationList section */

/* Begin XCVersionGroup section */
		CE8941D0235D718E0061C7AA /* Model.xcdatamodeld */ = {
			isa = XCVersionGroup;
			children = (
				CE8941D1235D718E0061C7AA /* Model.xcdatamodel */,
			);
			currentVersion = CE8941D1235D718E0061C7AA /* Model.xcdatamodel */;
			path = Model.xcdatamodeld;
			sourceTree = "<group>";
			versionGroupType = wrapper.xcdatamodel;
		};
/* End XCVersionGroup section */
	};
	rootObject = CEFA08CA2359729100151A6B /* Project object */;
}
